// !$*UTF8*$!
{
	archiveVersion = 1;
	classes = {
	};
	objectVersion = 50;
	objects = {

/* Begin PBXBuildFile section */
		54D90C49223B8E4300E20BA9 /* BFLoginVC.m in Sources */ = {isa = PBXBuildFile; fileRef = 54D90C48223B8E4300E20BA9 /* BFLoginVC.m */; };
		54E6DDD3223A27DF00AE31EF /* BFLoginViewModule.m in Sources */ = {isa = PBXBuildFile; fileRef = 54E6DDD2223A27DF00AE31EF /* BFLoginViewModule.m */; };
		54E6DDD6223A27FB00AE31EF /* BFLoginViewProxy.m in Sources */ = {isa = PBXBuildFile; fileRef = 54E6DDD5223A27FB00AE31EF /* BFLoginViewProxy.m */; };
		54E6DDDA223A32D600AE31EF /* BFLoginView.m in Sources */ = {isa = PBXBuildFile; fileRef = 54E6DDD9223A32D600AE31EF /* BFLoginView.m */; };
/* End PBXBuildFile section */

/* Begin PBXCopyFilesBuildPhase section */
		54E6DDBA223A26D300AE31EF /* CopyFiles */ = {
			isa = PBXCopyFilesBuildPhase;
			buildActionMask = 2147483647;
			dstPath = "include/$(PRODUCT_NAME)";
			dstSubfolderSpec = 16;
			files = (
			);
			runOnlyForDeploymentPostprocessing = 0;
		};
/* End PBXCopyFilesBuildPhase section */

/* Begin PBXFileReference section */
		54D90C47223B8E4300E20BA9 /* BFLoginVC.h */ = {isa = PBXFileReference; lastKnownFileType = sourcecode.c.h; path = BFLoginVC.h; sourceTree = "<group>"; };
		54D90C48223B8E4300E20BA9 /* BFLoginVC.m */ = {isa = PBXFileReference; lastKnownFileType = sourcecode.c.objc; path = BFLoginVC.m; sourceTree = "<group>"; };
		54E6DDBC223A26D300AE31EF /* liblibWeexBFLoginView.a */ = {isa = PBXFileReference; explicitFileType = archive.ar; includeInIndex = 0; path = liblibWeexBFLoginView.a; sourceTree = BUILT_PRODUCTS_DIR; };
		54E6DDD1223A27DF00AE31EF /* BFLoginViewModule.h */ = {isa = PBXFileReference; lastKnownFileType = sourcecode.c.h; path = BFLoginViewModule.h; sourceTree = "<group>"; };
		54E6DDD2223A27DF00AE31EF /* BFLoginViewModule.m */ = {isa = PBXFileReference; lastKnownFileType = sourcecode.c.objc; path = BFLoginViewModule.m; sourceTree = "<group>"; };
		54E6DDD4223A27FB00AE31EF /* BFLoginViewProxy.h */ = {isa = PBXFileReference; lastKnownFileType = sourcecode.c.h; path = BFLoginViewProxy.h; sourceTree = "<group>"; };
		54E6DDD5223A27FB00AE31EF /* BFLoginViewProxy.m */ = {isa = PBXFileReference; lastKnownFileType = sourcecode.c.objc; path = BFLoginViewProxy.m; sourceTree = "<group>"; };
		54E6DDD8223A32D600AE31EF /* BFLoginView.h */ = {isa = PBXFileReference; lastKnownFileType = sourcecode.c.h; path = BFLoginView.h; sourceTree = "<group>"; };
		54E6DDD9223A32D600AE31EF /* BFLoginView.m */ = {isa = PBXFileReference; lastKnownFileType = sourcecode.c.objc; path = BFLoginView.m; sourceTree = "<group>"; };
/* End PBXFileReference section */

/* Begin PBXFrameworksBuildPhase section */
		54E6DDB9223A26D300AE31EF /* Frameworks */ = {
			isa = PBXFrameworksBuildPhase;
			buildActionMask = 2147483647;
			files = (
			);
			runOnlyForDeploymentPostprocessing = 0;
		};
/* End PBXFrameworksBuildPhase section */

/* Begin PBXGroup section */
		54E6DDB3223A26D300AE31EF = {
			isa = PBXGroup;
			children = (
				54E6DDBE223A26D300AE31EF /* libWeexBFLoginView */,
				54E6DDBD223A26D300AE31EF /* Products */,
			);
			sourceTree = "<group>";
		};
		54E6DDBD223A26D300AE31EF /* Products */ = {
			isa = PBXGroup;
			children = (
				54E6DDBC223A26D300AE31EF /* liblibWeexBFLoginView.a */,
			);
			name = Products;
			sourceTree = "<group>";
		};
		54E6DDBE223A26D300AE31EF /* libWeexBFLoginView */ = {
			isa = PBXGroup;
			children = (
				54E6DDD4223A27FB00AE31EF /* BFLoginViewProxy.h */,
				54E6DDD5223A27FB00AE31EF /* BFLoginViewProxy.m */,
				54E6DDD1223A27DF00AE31EF /* BFLoginViewModule.h */,
				54E6DDD2223A27DF00AE31EF /* BFLoginViewModule.m */,
				54D90C47223B8E4300E20BA9 /* BFLoginVC.h */,
				54D90C48223B8E4300E20BA9 /* BFLoginVC.m */,
				54E6DDD8223A32D600AE31EF /* BFLoginView.h */,
				54E6DDD9223A32D600AE31EF /* BFLoginView.m */,
			);
			path = libWeexBFLoginView;
			sourceTree = "<group>";
		};
/* End PBXGroup section */

/* Begin PBXNativeTarget section */
		54E6DDBB223A26D300AE31EF /* libWeexBFLoginView */ = {
			isa = PBXNativeTarget;
			buildConfigurationList = 54E6DDC5223A26D300AE31EF /* Build configuration list for PBXNativeTarget "libWeexBFLoginView" */;
			buildPhases = (
				54E6DDB8223A26D300AE31EF /* Sources */,
				54E6DDB9223A26D300AE31EF /* Frameworks */,
				54E6DDBA223A26D300AE31EF /* CopyFiles */,
			);
			buildRules = (
			);
			dependencies = (
			);
			name = libWeexBFLoginView;
			productName = libWeexBFLoginView;
			productReference = 54E6DDBC223A26D300AE31EF /* liblibWeexBFLoginView.a */;
			productType = "com.apple.product-type.library.static";
		};
/* End PBXNativeTarget section */

/* Begin PBXProject section */
		54E6DDB4223A26D300AE31EF /* Project object */ = {
			isa = PBXProject;
			attributes = {
				CLASSPREFIX = BF;
				LastUpgradeCheck = 1010;
				ORGANIZATIONNAME = "毕方";
				TargetAttributes = {
					54E6DDBB223A26D300AE31EF = {
						CreatedOnToolsVersion = 10.1;
					};
				};
			};
			buildConfigurationList = 54E6DDB7223A26D300AE31EF /* Build configuration list for PBXProject "libWeexBFLoginView" */;
			compatibilityVersion = "Xcode 9.3";
			developmentRegion = en;
			hasScannedForEncodings = 0;
			knownRegions = (
				en,
			);
			mainGroup = 54E6DDB3223A26D300AE31EF;
			productRefGroup = 54E6DDBD223A26D300AE31EF /* Products */;
			projectDirPath = "";
			projectRoot = "";
			targets = (
				54E6DDBB223A26D300AE31EF /* libWeexBFLoginView */,
			);
		};
/* End PBXProject section */

/* Begin PBXSourcesBuildPhase section */
		54E6DDB8223A26D300AE31EF /* Sources */ = {
			isa = PBXSourcesBuildPhase;
			buildActionMask = 2147483647;
			files = (
				54D90C49223B8E4300E20BA9 /* BFLoginVC.m in Sources */,
				54E6DDDA223A32D600AE31EF /* BFLoginView.m in Sources */,
				54E6DDD3223A27DF00AE31EF /* BFLoginViewModule.m in Sources */,
				54E6DDD6223A27FB00AE31EF /* BFLoginViewProxy.m in Sources */,
			);
			runOnlyForDeploymentPostprocessing = 0;
		};
/* End PBXSourcesBuildPhase section */

/* Begin XCBuildConfiguration section */
		54E6DDC3223A26D300AE31EF /* Debug */ = {
			isa = XCBuildConfiguration;
			buildSettings = {
				ALWAYS_SEARCH_USER_PATHS = NO;
				CLANG_ANALYZER_NONNULL = YES;
				CLANG_ANALYZER_NUMBER_OBJECT_CONVERSION = YES_AGGRESSIVE;
				CLANG_CXX_LANGUAGE_STANDARD = "gnu++14";
				CLANG_CXX_LIBRARY = "libc++";
				CLANG_ENABLE_MODULES = YES;
				CLANG_ENABLE_OBJC_ARC = YES;
				CLANG_ENABLE_OBJC_WEAK = YES;
				CLANG_WARN_BLOCK_CAPTURE_AUTORELEASING = YES;
				CLANG_WARN_BOOL_CONVERSION = YES;
				CLANG_WARN_COMMA = YES;
				CLANG_WARN_CONSTANT_CONVERSION = YES;
				CLANG_WARN_DEPRECATED_OBJC_IMPLEMENTATIONS = YES;
				CLANG_WARN_DIRECT_OBJC_ISA_USAGE = YES_ERROR;
				CLANG_WARN_DOCUMENTATION_COMMENTS = YES;
				CLANG_WARN_EMPTY_BODY = YES;
				CLANG_WARN_ENUM_CONVERSION = YES;
				CLANG_WARN_INFINITE_RECURSION = YES;
				CLANG_WARN_INT_CONVERSION = YES;
				CLANG_WARN_NON_LITERAL_NULL_CONVERSION = YES;
				CLANG_WARN_OBJC_IMPLICIT_RETAIN_SELF = YES;
				CLANG_WARN_OBJC_LITERAL_CONVERSION = YES;
				CLANG_WARN_OBJC_ROOT_CLASS = YES_ERROR;
				CLANG_WARN_RANGE_LOOP_ANALYSIS = YES;
				CLANG_WARN_STRICT_PROTOTYPES = YES;
				CLANG_WARN_SUSPICIOUS_MOVE = YES;
				CLANG_WARN_UNGUARDED_AVAILABILITY = YES_AGGRESSIVE;
				CLANG_WARN_UNREACHABLE_CODE = YES;
				CLANG_WARN__DUPLICATE_METHOD_MATCH = YES;
				CODE_SIGN_IDENTITY = "iPhone Developer";
				COPY_PHASE_STRIP = NO;
				DEBUG_INFORMATION_FORMAT = dwarf;
				ENABLE_STRICT_OBJC_MSGSEND = YES;
				ENABLE_TESTABILITY = YES;
				GCC_C_LANGUAGE_STANDARD = gnu11;
				GCC_DYNAMIC_NO_PIC = NO;
				GCC_NO_COMMON_BLOCKS = YES;
				GCC_OPTIMIZATION_LEVEL = 0;
				GCC_PREPROCESSOR_DEFINITIONS = (
					"DEBUG=1",
					"$(inherited)",
				);
				GCC_WARN_64_TO_32_BIT_CONVERSION = YES;
				GCC_WARN_ABOUT_RETURN_TYPE = YES_ERROR;
				GCC_WARN_UNDECLARED_SELECTOR = YES;
				GCC_WARN_UNINITIALIZED_AUTOS = YES_AGGRESSIVE;
				GCC_WARN_UNUSED_FUNCTION = YES;
				GCC_WARN_UNUSED_VARIABLE = YES;
				IPHONEOS_DEPLOYMENT_TARGET = 8.0;
				MTL_ENABLE_DEBUG_INFO = INCLUDE_SOURCE;
				MTL_FAST_MATH = YES;
				ONLY_ACTIVE_ARCH = YES;
				SDKROOT = iphoneos;
			};
			name = Debug;
		};
		54E6DDC4223A26D300AE31EF /* Release */ = {
			isa = XCBuildConfiguration;
			buildSettings = {
				ALWAYS_SEARCH_USER_PATHS = NO;
				CLANG_ANALYZER_NONNULL = YES;
				CLANG_ANALYZER_NUMBER_OBJECT_CONVERSION = YES_AGGRESSIVE;
				CLANG_CXX_LANGUAGE_STANDARD = "gnu++14";
				CLANG_CXX_LIBRARY = "libc++";
				CLANG_ENABLE_MODULES = YES;
				CLANG_ENABLE_OBJC_ARC = YES;
				CLANG_ENABLE_OBJC_WEAK = YES;
				CLANG_WARN_BLOCK_CAPTURE_AUTORELEASING = YES;
				CLANG_WARN_BOOL_CONVERSION = YES;
				CLANG_WARN_COMMA = YES;
				CLANG_WARN_CONSTANT_CONVERSION = YES;
				CLANG_WARN_DEPRECATED_OBJC_IMPLEMENTATIONS = YES;
				CLANG_WARN_DIRECT_OBJC_ISA_USAGE = YES_ERROR;
				CLANG_WARN_DOCUMENTATION_COMMENTS = YES;
				CLANG_WARN_EMPTY_BODY = YES;
				CLANG_WARN_ENUM_CONVERSION = YES;
				CLANG_WARN_INFINITE_RECURSION = YES;
				CLANG_WARN_INT_CONVERSION = YES;
				CLANG_WARN_NON_LITERAL_NULL_CONVERSION = YES;
				CLANG_WARN_OBJC_IMPLICIT_RETAIN_SELF = YES;
				CLANG_WARN_OBJC_LITERAL_CONVERSION = YES;
				CLANG_WARN_OBJC_ROOT_CLASS = YES_ERROR;
				CLANG_WARN_RANGE_LOOP_ANALYSIS = YES;
				CLANG_WARN_STRICT_PROTOTYPES = YES;
				CLANG_WARN_SUSPICIOUS_MOVE = YES;
				CLANG_WARN_UNGUARDED_AVAILABILITY = YES_AGGRESSIVE;
				CLANG_WARN_UNREACHABLE_CODE = YES;
				CLANG_WARN__DUPLICATE_METHOD_MATCH = YES;
				CODE_SIGN_IDENTITY = "iPhone Developer";
				COPY_PHASE_STRIP = NO;
				DEBUG_INFORMATION_FORMAT = "dwarf-with-dsym";
				ENABLE_NS_ASSERTIONS = NO;
				ENABLE_STRICT_OBJC_MSGSEND = YES;
				GCC_C_LANGUAGE_STANDARD = gnu11;
				GCC_NO_COMMON_BLOCKS = YES;
				GCC_WARN_64_TO_32_BIT_CONVERSION = YES;
				GCC_WARN_ABOUT_RETURN_TYPE = YES_ERROR;
				GCC_WARN_UNDECLARED_SELECTOR = YES;
				GCC_WARN_UNINITIALIZED_AUTOS = YES_AGGRESSIVE;
				GCC_WARN_UNUSED_FUNCTION = YES;
				GCC_WARN_UNUSED_VARIABLE = YES;
				IPHONEOS_DEPLOYMENT_TARGET = 8.0;
				MTL_ENABLE_DEBUG_INFO = NO;
				MTL_FAST_MATH = YES;
				SDKROOT = iphoneos;
				VALIDATE_PRODUCT = YES;
			};
			name = Release;
		};
		54E6DDC6223A26D300AE31EF /* Debug */ = {
			isa = XCBuildConfiguration;
			buildSettings = {
				CODE_SIGN_STYLE = Automatic;
				DEVELOPMENT_TEAM = LK2KT7Q34K;
				ENABLE_BITCODE = NO;
				HEADER_SEARCH_PATHS = (
					"\"$(SRCROOT)/../../SDK/inc/weexHeader\"",
					"\"$(SRCROOT)/../../SDK/inc\"",
				);
				LIBRARY_SEARCH_PATHS = (
					"$(inherited)",
					"$(PROJECT_DIR)/libWeexBFLoginView/WeChatSDK184",
				);
				ONLY_ACTIVE_ARCH = NO;
				OTHER_LDFLAGS = "-ObjC";
				PRODUCT_NAME = "$(TARGET_NAME)";
				SKIP_INSTALL = YES;
				TARGETED_DEVICE_FAMILY = "1,2";
			};
			name = Debug;
		};
		54E6DDC7223A26D300AE31EF /* Release */ = {
			isa = XCBuildConfiguration;
			buildSettings = {
				CODE_SIGN_STYLE = Automatic;
				DEVELOPMENT_TEAM = LK2KT7Q34K;
				ENABLE_BITCODE = NO;
				HEADER_SEARCH_PATHS = (
					"\"$(SRCROOT)/../../SDK/inc/weexHeader\"",
					"\"$(SRCROOT)/../../SDK/inc\"",
				);
				LIBRARY_SEARCH_PATHS = (
					"$(inherited)",
					"$(PROJECT_DIR)/libWeexBFLoginView/WeChatSDK184",
				);
				ONLY_ACTIVE_ARCH = NO;
				OTHER_LDFLAGS = "-ObjC";
				PRODUCT_NAME = "$(TARGET_NAME)";
				SKIP_INSTALL = YES;
				TARGETED_DEVICE_FAMILY = "1,2";
			};
			name = Release;
		};
/* End XCBuildConfiguration section */

/* Begin XCConfigurationList section */
		54E6DDB7223A26D300AE31EF /* Build configuration list for PBXProject "libWeexBFLoginView" */ = {
			isa = XCConfigurationList;
			buildConfigurations = (
				54E6DDC3223A26D300AE31EF /* Debug */,
				54E6DDC4223A26D300AE31EF /* Release */,
			);
			defaultConfigurationIsVisible = 0;
			defaultConfigurationName = Release;
		};
		54E6DDC5223A26D300AE31EF /* Build configuration list for PBXNativeTarget "libWeexBFLoginView" */ = {
			isa = XCConfigurationList;
			buildConfigurations = (
				54E6DDC6223A26D300AE31EF /* Debug */,
				54E6DDC7223A26D300AE31EF /* Release */,
			);
			defaultConfigurationIsVisible = 0;
			defaultConfigurationName = Release;
		};
/* End XCConfigurationList section */
	};
	rootObject = 54E6DDB4223A26D300AE31EF /* Project object */;
}
